
Microsoft Visual Studio Solution File, Format Version 12.00
# Visual Studio 2012
Project("{FAE04EC0-301F-11D3-BF4B-00C04F79EFBC}") = "WordsTrainer", "WordsTrainer.csproj", "{640AE038-6602-4A8C-8BC0-7F83626FBEE5}"
EndProject
Project("{2150E333-8FDC-42A3-9474-1A3956D46DE8}") = ".nuget", ".nuget", "{36D5E3F1-92A4-47A5-8920-2013F03BF5AC}"
	ProjectSection(SolutionItems) = preProject
		.nuget\NuGet.Config = .nuget\NuGet.Config
		.nuget\NuGet.exe = .nuget\NuGet.exe
		.nuget\NuGet.targets = .nuget\NuGet.targets
	EndProjectSection
EndProject
Global
	GlobalSection(SolutionConfigurationPlatforms) = preSolution
		Debug|Any CPU = Debug|Any CPU
		Release|Any CPU = Release|Any CPU
	EndGlobalSection
	GlobalSection(ProjectConfigurationPlatforms) = postSolution
		{640AE038-6602-4A8C-8BC0-7F83626FBEE5}.Debug|Any CPU.ActiveCfg = Debug|Any CPU
		{640AE038-6602-4A8C-8BC0-7F83626FBEE5}.Debug|Any CPU.Build.0 = Debug|Any CPU
		{640AE038-6602-4A8C-8BC0-7F83626FBEE5}.Release|Any CPU.ActiveCfg = Release|Any CPU
		{640AE038-6602-4A8C-8BC0-7F83626FBEE5}.Release|Any CPU.Build.0 = Release|Any CPU
	EndGlobalSection
	GlobalSection(SolutionProperties) = preSolution
		HideSolutionNode = FALSE
	EndGlobalSection
EndGlobal
